// !$*UTF8*$!
{
	archiveVersion = 1;
	classes = {
	};
	objectVersion = 46;
	objects = {

/* Begin PBXBuildFile section */
		FC410FFE18B25A9F00228D78 /* QuartzCore.framework in Frameworks */ = {isa = PBXBuildFile; fileRef = FC410FFD18B25A9F00228D78 /* QuartzCore.framework */; };
		FC41100618B2864B00228D78 /* iphone_line.png in Resources */ = {isa = PBXBuildFile; fileRef = FC41100518B2864A00228D78 /* iphone_line.png */; };
		FC41100818B286CF00228D78 /* logo.png in Resources */ = {isa = PBXBuildFile; fileRef = FC41100718B286CF00228D78 /* logo.png */; };
		FC41100D18B29CCD00228D78 /* trasnfer.png in Resources */ = {isa = PBXBuildFile; fileRef = FC41100C18B29CCD00228D78 /* trasnfer.png */; };
		FC41100F18B2A3BD00228D78 /* man.png in Resources */ = {isa = PBXBuildFile; fileRef = FC41100E18B2A3BD00228D78 /* man.png */; };
		FC41101718B2EF8400228D78 /* ProgressHUD.bundle in Resources */ = {isa = PBXBuildFile; fileRef = FC41101618B2EF8400228D78 /* ProgressHUD.bundle */; };
		FC54B2C618B2FD5B00F084E2 /* ProgressHUD.m in Sources */ = {isa = PBXBuildFile; fileRef = FC54B2BF18B2FD5B00F084E2 /* ProgressHUD.m */; };
		FC54B2C718B2FD5B00F084E2 /* Launch640X1136.png in Resources */ = {isa = PBXBuildFile; fileRef = FC54B2C118B2FD5B00F084E2 /* Launch640X1136.png */; };
		FC54B2C818B2FD5B00F084E2 /* Launch640X960.png in Resources */ = {isa = PBXBuildFile; fileRef = FC54B2C218B2FD5B00F084E2 /* Launch640X960.png */; };
		FC54B2C918B2FD5B00F084E2 /* AppIcon120X120.png in Resources */ = {isa = PBXBuildFile; fileRef = FC54B2C318B2FD5B00F084E2 /* AppIcon120X120.png */; };
		FC54B2CA18B2FD5B00F084E2 /* AppIcon80X80.png in Resources */ = {isa = PBXBuildFile; fileRef = FC54B2C418B2FD5B00F084E2 /* AppIcon80X80.png */; };
		FC54B2CB18B2FD5B00F084E2 /* AppIcon58X58.png in Resources */ = {isa = PBXBuildFile; fileRef = FC54B2C518B2FD5B00F084E2 /* AppIcon58X58.png */; };
		FCEA450C18B061320009B4DC /* Foundation.framework in Frameworks */ = {isa = PBXBuildFile; fileRef = FCEA450B18B061320009B4DC /* Foundation.framework */; };
		FCEA450E18B061320009B4DC /* CoreGraphics.framework in Frameworks */ = {isa = PBXBuildFile; fileRef = FCEA450D18B061320009B4DC /* CoreGraphics.framework */; };
		FCEA451018B061320009B4DC /* UIKit.framework in Frameworks */ = {isa = PBXBuildFile; fileRef = FCEA450F18B061320009B4DC /* UIKit.framework */; };
		FCEA451618B061320009B4DC /* InfoPlist.strings in Resources */ = {isa = PBXBuildFile; fileRef = FCEA451418B061320009B4DC /* InfoPlist.strings */; };
		FCEA451818B061320009B4DC /* main.m in Sources */ = {isa = PBXBuildFile; fileRef = FCEA451718B061320009B4DC /* main.m */; };
		FCEA451C18B061320009B4DC /* AppDelegate.m in Sources */ = {isa = PBXBuildFile; fileRef = FCEA451B18B061320009B4DC /* AppDelegate.m */; };
		FCEA451F18B061320009B4DC /* Main_iPhone.storyboard in Resources */ = {isa = PBXBuildFile; fileRef = FCEA451D18B061320009B4DC /* Main_iPhone.storyboard */; };
		FCEA452218B061320009B4DC /* Main_iPad.storyboard in Resources */ = {isa = PBXBuildFile; fileRef = FCEA452018B061320009B4DC /* Main_iPad.storyboard */; };
		FCEA452718B061320009B4DC /* Images.xcassets in Resources */ = {isa = PBXBuildFile; fileRef = FCEA452618B061320009B4DC /* Images.xcassets */; };
		FCEA452E18B061320009B4DC /* XCTest.framework in Frameworks */ = {isa = PBXBuildFile; fileRef = FCEA452D18B061320009B4DC /* XCTest.framework */; };
		FCEA452F18B061320009B4DC /* Foundation.framework in Frameworks */ = {isa = PBXBuildFile; fileRef = FCEA450B18B061320009B4DC /* Foundation.framework */; };
		FCEA453018B061320009B4DC /* UIKit.framework in Frameworks */ = {isa = PBXBuildFile; fileRef = FCEA450F18B061320009B4DC /* UIKit.framework */; };
		FCEA453818B061320009B4DC /* InfoPlist.strings in Resources */ = {isa = PBXBuildFile; fileRef = FCEA453618B061320009B4DC /* InfoPlist.strings */; };
		FCEA453A18B061320009B4DC /* Animal_AgeTests.m in Sources */ = {isa = PBXBuildFile; fileRef = FCEA453918B061320009B4DC /* Animal_AgeTests.m */; };
		FCEFEABF18B1741A008B33B8 /* topBar.m in Sources */ = {isa = PBXBuildFile; fileRef = FCEFEABE18B1741A008B33B8 /* topBar.m */; };
		FCEFEAC018B1741A008B33B8 /* topBar.m in Sources */ = {isa = PBXBuildFile; fileRef = FCEFEABE18B1741A008B33B8 /* topBar.m */; };
		FCEFEAC418B1BD38008B33B8 /* jquery-1.7.1.min.js in Sources */ = {isa = PBXBuildFile; fileRef = FCEFEAC118B1BD38008B33B8 /* jquery-1.7.1.min.js */; };
		FCEFEAC518B1BD38008B33B8 /* index.html in Resources */ = {isa = PBXBuildFile; fileRef = FCEFEAC218B1BD38008B33B8 /* index.html */; };
		FCEFEAC618B1BD38008B33B8 /* index.html in Resources */ = {isa = PBXBuildFile; fileRef = FCEFEAC218B1BD38008B33B8 /* index.html */; };
		FCEFEAC718B1BD52008B33B8 /* jquery-1.7.1.min.js in Resources */ = {isa = PBXBuildFile; fileRef = FCEFEAC118B1BD38008B33B8 /* jquery-1.7.1.min.js */; };
		FCEFEACD18B1DBA2008B33B8 /* AnimalPicker.m in Sources */ = {isa = PBXBuildFile; fileRef = FCEFEACC18B1DBA2008B33B8 /* AnimalPicker.m */; };
		FCEFEACE18B1DBA2008B33B8 /* AnimalPicker.m in Sources */ = {isa = PBXBuildFile; fileRef = FCEFEACC18B1DBA2008B33B8 /* AnimalPicker.m */; };
		FCEFEAD118B1DE59008B33B8 /* Calc.m in Sources */ = {isa = PBXBuildFile; fileRef = FCEFEAD018B1DE59008B33B8 /* Calc.m */; };
		FCEFEAD218B1DE59008B33B8 /* Calc.m in Sources */ = {isa = PBXBuildFile; fileRef = FCEFEAD018B1DE59008B33B8 /* Calc.m */; };
		FCEFEAD518B1E14C008B33B8 /* PickerTableView.m in Sources */ = {isa = PBXBuildFile; fileRef = FCEFEAD418B1E14C008B33B8 /* PickerTableView.m */; };
		FCEFEAD618B1E14C008B33B8 /* PickerTableView.m in Sources */ = {isa = PBXBuildFile; fileRef = FCEFEAD418B1E14C008B33B8 /* PickerTableView.m */; };
/* End PBXBuildFile section */

/* Begin PBXContainerItemProxy section */
		FCEA453118B061320009B4DC /* PBXContainerItemProxy */ = {
			isa = PBXContainerItemProxy;
			containerPortal = FCEA450018B061320009B4DC /* Project object */;
			proxyType = 1;
			remoteGlobalIDString = FCEA450718B061320009B4DC;
			remoteInfo = "Animal Age";
		};
/* End PBXContainerItemProxy section */

/* Begin PBXFileReference section */
		FC410FFD18B25A9F00228D78 /* QuartzCore.framework */ = {isa = PBXFileReference; lastKnownFileType = wrapper.framework; name = QuartzCore.framework; path = System/Library/Frameworks/QuartzCore.framework; sourceTree = SDKROOT; };
		FC41100518B2864A00228D78 /* iphone_line.png */ = {isa = PBXFileReference; lastKnownFileType = image.png; path = iphone_line.png; sourceTree = "<group>"; };
		FC41100718B286CF00228D78 /* logo.png */ = {isa = PBXFileReference; lastKnownFileType = image.png; path = logo.png; sourceTree = "<group>"; };
		FC41100C18B29CCD00228D78 /* trasnfer.png */ = {isa = PBXFileReference; lastKnownFileType = image.png; path = trasnfer.png; sourceTree = "<group>"; };
		FC41100E18B2A3BD00228D78 /* man.png */ = {isa = PBXFileReference; lastKnownFileType = image.png; path = man.png; sourceTree = "<group>"; };
		FC41101618B2EF8400228D78 /* ProgressHUD.bundle */ = {isa = PBXFileReference; lastKnownFileType = "wrapper.plug-in"; path = ProgressHUD.bundle; sourceTree = "<group>"; };
		FC54B2BF18B2FD5B00F084E2 /* ProgressHUD.m */ = {isa = PBXFileReference; fileEncoding = 4; lastKnownFileType = sourcecode.c.objc; path = ProgressHUD.m; sourceTree = "<group>"; };
		FC54B2C018B2FD5B00F084E2 /* ProgressHUD.h */ = {isa = PBXFileReference; fileEncoding = 4; lastKnownFileType = sourcecode.c.h; path = ProgressHUD.h; sourceTree = "<group>"; };
		FC54B2C118B2FD5B00F084E2 /* Launch640X1136.png */ = {isa = PBXFileReference; lastKnownFileType = image.png; path = Launch640X1136.png; sourceTree = "<group>"; };
		FC54B2C218B2FD5B00F084E2 /* Launch640X960.png */ = {isa = PBXFileReference; lastKnownFileType = image.png; path = Launch640X960.png; sourceTree = "<group>"; };
		FC54B2C318B2FD5B00F084E2 /* AppIcon120X120.png */ = {isa = PBXFileReference; lastKnownFileType = image.png; path = AppIcon120X120.png; sourceTree = "<group>"; };
		FC54B2C418B2FD5B00F084E2 /* AppIcon80X80.png */ = {isa = PBXFileReference; lastKnownFileType = image.png; path = AppIcon80X80.png; sourceTree = "<group>"; };
		FC54B2C518B2FD5B00F084E2 /* AppIcon58X58.png */ = {isa = PBXFileReference; lastKnownFileType = image.png; path = AppIcon58X58.png; sourceTree = "<group>"; };
		FCEA450818B061320009B4DC /* Animal Age.app */ = {isa = PBXFileReference; explicitFileType = wrapper.application; includeInIndex = 0; path = "Animal Age.app"; sourceTree = BUILT_PRODUCTS_DIR; };
		FCEA450B18B061320009B4DC /* Foundation.framework */ = {isa = PBXFileReference; lastKnownFileType = wrapper.framework; name = Foundation.framework; path = System/Library/Frameworks/Foundation.framework; sourceTree = SDKROOT; };
		FCEA450D18B061320009B4DC /* CoreGraphics.framework */ = {isa = PBXFileReference; lastKnownFileType = wrapper.framework; name = CoreGraphics.framework; path = System/Library/Frameworks/CoreGraphics.framework; sourceTree = SDKROOT; };
		FCEA450F18B061320009B4DC /* UIKit.framework */ = {isa = PBXFileReference; lastKnownFileType = wrapper.framework; name = UIKit.framework; path = System/Library/Frameworks/UIKit.framework; sourceTree = SDKROOT; };
		FCEA451318B061320009B4DC /* Animal Age-Info.plist */ = {isa = PBXFileReference; lastKnownFileType = text.plist.xml; path = "Animal Age-Info.plist"; sourceTree = "<group>"; };
		FCEA451518B061320009B4DC /* en */ = {isa = PBXFileReference; lastKnownFileType = text.plist.strings; name = en; path = en.lproj/InfoPlist.strings; sourceTree = "<group>"; };
		FCEA451718B061320009B4DC /* main.m */ = {isa = PBXFileReference; lastKnownFileType = sourcecode.c.objc; path = main.m; sourceTree = "<group>"; };
		FCEA451918B061320009B4DC /* Animal Age-Prefix.pch */ = {isa = PBXFileReference; lastKnownFileType = sourcecode.c.h; path = "Animal Age-Prefix.pch"; sourceTree = "<group>"; };
		FCEA451A18B061320009B4DC /* AppDelegate.h */ = {isa = PBXFileReference; lastKnownFileType = sourcecode.c.h; path = AppDelegate.h; sourceTree = "<group>"; };
		FCEA451B18B061320009B4DC /* AppDelegate.m */ = {isa = PBXFileReference; lastKnownFileType = sourcecode.c.objc; path = AppDelegate.m; sourceTree = "<group>"; };
		FCEA451E18B061320009B4DC /* Base */ = {isa = PBXFileReference; lastKnownFileType = file.storyboard; name = Base; path = Base.lproj/Main_iPhone.storyboard; sourceTree = "<group>"; };
		FCEA452118B061320009B4DC /* Base */ = {isa = PBXFileReference; lastKnownFileType = file.storyboard; name = Base; path = Base.lproj/Main_iPad.storyboard; sourceTree = "<group>"; };
		FCEA452618B061320009B4DC /* Images.xcassets */ = {isa = PBXFileReference; lastKnownFileType = folder.assetcatalog; path = Images.xcassets; sourceTree = "<group>"; };
		FCEA452C18B061320009B4DC /* Animal AgeTests.xctest */ = {isa = PBXFileReference; explicitFileType = wrapper.cfbundle; includeInIndex = 0; path = "Animal AgeTests.xctest"; sourceTree = BUILT_PRODUCTS_DIR; };
		FCEA452D18B061320009B4DC /* XCTest.framework */ = {isa = PBXFileReference; lastKnownFileType = wrapper.framework; name = XCTest.framework; path = Library/Frameworks/XCTest.framework; sourceTree = DEVELOPER_DIR; };
		FCEA453518B061320009B4DC /* Animal AgeTests-Info.plist */ = {isa = PBXFileReference; lastKnownFileType = text.plist.xml; path = "Animal AgeTests-Info.plist"; sourceTree = "<group>"; };
		FCEA453718B061320009B4DC /* en */ = {isa = PBXFileReference; lastKnownFileType = text.plist.strings; name = en; path = en.lproj/InfoPlist.strings; sourceTree = "<group>"; };
		FCEA453918B061320009B4DC /* Animal_AgeTests.m */ = {isa = PBXFileReference; lastKnownFileType = sourcecode.c.objc; path = Animal_AgeTests.m; sourceTree = "<group>"; };
		FCEFEABD18B1741A008B33B8 /* topBar.h */ = {isa = PBXFileReference; fileEncoding = 4; lastKnownFileType = sourcecode.c.h; path = topBar.h; sourceTree = "<group>"; };
		FCEFEABE18B1741A008B33B8 /* topBar.m */ = {isa = PBXFileReference; fileEncoding = 4; lastKnownFileType = sourcecode.c.objc; path = topBar.m; sourceTree = "<group>"; };
		FCEFEAC118B1BD38008B33B8 /* jquery-1.7.1.min.js */ = {isa = PBXFileReference; fileEncoding = 4; lastKnownFileType = sourcecode.javascript; path = "jquery-1.7.1.min.js"; sourceTree = "<group>"; };
		FCEFEAC218B1BD38008B33B8 /* index.html */ = {isa = PBXFileReference; fileEncoding = 4; lastKnownFileType = text.html; path = index.html; sourceTree = "<group>"; };
		FCEFEACB18B1DBA2008B33B8 /* AnimalPicker.h */ = {isa = PBXFileReference; fileEncoding = 4; lastKnownFileType = sourcecode.c.h; path = AnimalPicker.h; sourceTree = "<group>"; };
		FCEFEACC18B1DBA2008B33B8 /* AnimalPicker.m */ = {isa = PBXFileReference; fileEncoding = 4; lastKnownFileType = sourcecode.c.objc; path = AnimalPicker.m; sourceTree = "<group>"; };
		FCEFEACF18B1DE59008B33B8 /* Calc.h */ = {isa = PBXFileReference; fileEncoding = 4; lastKnownFileType = sourcecode.c.h; path = Calc.h; sourceTree = "<group>"; };
		FCEFEAD018B1DE59008B33B8 /* Calc.m */ = {isa = PBXFileReference; fileEncoding = 4; lastKnownFileType = sourcecode.c.objc; path = Calc.m; sourceTree = "<group>"; };
		FCEFEAD318B1E14C008B33B8 /* PickerTableView.h */ = {isa = PBXFileReference; fileEncoding = 4; lastKnownFileType = sourcecode.c.h; path = PickerTableView.h; sourceTree = "<group>"; };
		FCEFEAD418B1E14C008B33B8 /* PickerTableView.m */ = {isa = PBXFileReference; fileEncoding = 4; lastKnownFileType = sourcecode.c.objc; path = PickerTableView.m; sourceTree = "<group>"; };
/* End PBXFileReference section */

/* Begin PBXFrameworksBuildPhase section */
		FCEA450518B061320009B4DC /* Frameworks */ = {
			isa = PBXFrameworksBuildPhase;
			buildActionMask = 2147483647;
			files = (
				FC410FFE18B25A9F00228D78 /* QuartzCore.framework in Frameworks */,
				FCEA450E18B061320009B4DC /* CoreGraphics.framework in Frameworks */,
				FCEA451018B061320009B4DC /* UIKit.framework in Frameworks */,
				FCEA450C18B061320009B4DC /* Foundation.framework in Frameworks */,
			);
			runOnlyForDeploymentPostprocessing = 0;
		};
		FCEA452918B061320009B4DC /* Frameworks */ = {
			isa = PBXFrameworksBuildPhase;
			buildActionMask = 2147483647;
			files = (
				FCEA452E18B061320009B4DC /* XCTest.framework in Frameworks */,
				FCEA453018B061320009B4DC /* UIKit.framework in Frameworks */,
				FCEA452F18B061320009B4DC /* Foundation.framework in Frameworks */,
			);
			runOnlyForDeploymentPostprocessing = 0;
		};
/* End PBXFrameworksBuildPhase section */

/* Begin PBXGroup section */
		FC54B2CC18B2FD7400F084E2 /* Images */ = {
			isa = PBXGroup;
			children = (
				FC54B2C118B2FD5B00F084E2 /* Launch640X1136.png */,
				FC54B2C218B2FD5B00F084E2 /* Launch640X960.png */,
				FC54B2C318B2FD5B00F084E2 /* AppIcon120X120.png */,
				FC54B2C418B2FD5B00F084E2 /* AppIcon80X80.png */,
				FC54B2C518B2FD5B00F084E2 /* AppIcon58X58.png */,
				FC41100E18B2A3BD00228D78 /* man.png */,
				FC41100C18B29CCD00228D78 /* trasnfer.png */,
			);
			name = Images;
			sourceTree = "<group>";
		};
		FC54B2CD18B36AFC00F084E2 /* ProgressHUD */ = {
			isa = PBXGroup;
			children = (
				FC54B2BF18B2FD5B00F084E2 /* ProgressHUD.m */,
				FC54B2C018B2FD5B00F084E2 /* ProgressHUD.h */,
				FC41101618B2EF8400228D78 /* ProgressHUD.bundle */,
			);
			name = ProgressHUD;
			sourceTree = "<group>";
		};
		FCEA44FF18B061320009B4DC = {
			isa = PBXGroup;
			children = (
				FCEA451118B061320009B4DC /* Animal Age */,
				FCEA453318B061320009B4DC /* Animal AgeTests */,
				FCEA450A18B061320009B4DC /* Frameworks */,
				FCEA450918B061320009B4DC /* Products */,
			);
			sourceTree = "<group>";
		};
		FCEA450918B061320009B4DC /* Products */ = {
			isa = PBXGroup;
			children = (
				FCEA450818B061320009B4DC /* Animal Age.app */,
				FCEA452C18B061320009B4DC /* Animal AgeTests.xctest */,
			);
			name = Products;
			sourceTree = "<group>";
		};
		FCEA450A18B061320009B4DC /* Frameworks */ = {
			isa = PBXGroup;
			children = (
				FC410FFD18B25A9F00228D78 /* QuartzCore.framework */,
				FCEA450B18B061320009B4DC /* Foundation.framework */,
				FCEA450D18B061320009B4DC /* CoreGraphics.framework */,
				FCEA450F18B061320009B4DC /* UIKit.framework */,
				FCEA452D18B061320009B4DC /* XCTest.framework */,
			);
			name = Frameworks;
			sourceTree = "<group>";
		};
		FCEA451118B061320009B4DC /* Animal Age */ = {
			isa = PBXGroup;
			children = (
				FC54B2CD18B36AFC00F084E2 /* ProgressHUD */,
				FCEFEAD718B1E2F8008B33B8 /* Animal Picker */,
				FCEA451B18B061320009B4DC /* AppDelegate.m */,
				FCEA451A18B061320009B4DC /* AppDelegate.h */,
				FCEFEABD18B1741A008B33B8 /* topBar.h */,
				FCEFEABE18B1741A008B33B8 /* topBar.m */,
				FCEFEACF18B1DE59008B33B8 /* Calc.h */,
				FCEFEAD018B1DE59008B33B8 /* Calc.m */,
				FCEA451D18B061320009B4DC /* Main_iPhone.storyboard */,
				FCEA452018B061320009B4DC /* Main_iPad.storyboard */,
				FCEFEAC818B1BF6C008B33B8 /* htdocs */,
				FCEA452618B061320009B4DC /* Images.xcassets */,
				FCEA451218B061320009B4DC /* Supporting Files */,
			);
			path = "Animal Age";
			sourceTree = "<group>";
		};
		FCEA451218B061320009B4DC /* Supporting Files */ = {
			isa = PBXGroup;
			children = (
				FC41100718B286CF00228D78 /* logo.png */,
				FC41100518B2864A00228D78 /* iphone_line.png */,
				FCEA451318B061320009B4DC /* Animal Age-Info.plist */,
				FCEA451418B061320009B4DC /* InfoPlist.strings */,
				FCEA451718B061320009B4DC /* main.m */,
				FCEA451918B061320009B4DC /* Animal Age-Prefix.pch */,
			);
			name = "Supporting Files";
			sourceTree = "<group>";
		};
		FCEA453318B061320009B4DC /* Animal AgeTests */ = {
			isa = PBXGroup;
			children = (
				FCEA453918B061320009B4DC /* Animal_AgeTests.m */,
				FCEA453418B061320009B4DC /* Supporting Files */,
			);
			path = "Animal AgeTests";
			sourceTree = "<group>";
		};
		FCEA453418B061320009B4DC /* Supporting Files */ = {
			isa = PBXGroup;
			children = (
				FCEA453518B061320009B4DC /* Animal AgeTests-Info.plist */,
				FCEA453618B061320009B4DC /* InfoPlist.strings */,
			);
			name = "Supporting Files";
			sourceTree = "<group>";
		};
		FCEFEAC818B1BF6C008B33B8 /* htdocs */ = {
			isa = PBXGroup;
			children = (
				FCEFEAC118B1BD38008B33B8 /* jquery-1.7.1.min.js */,
				FCEFEAC218B1BD38008B33B8 /* index.html */,
			);
			name = htdocs;
			sourceTree = "<group>";
		};
		FCEFEAD718B1E2F8008B33B8 /* Animal Picker */ = {
			isa = PBXGroup;
			children = (
				FC54B2CC18B2FD7400F084E2 /* Images */,
				FCEFEAD318B1E14C008B33B8 /* PickerTableView.h */,
				FCEFEAD418B1E14C008B33B8 /* PickerTableView.m */,
				FCEFEACB18B1DBA2008B33B8 /* AnimalPicker.h */,
				FCEFEACC18B1DBA2008B33B8 /* AnimalPicker.m */,
			);
			name = "Animal Picker";
			sourceTree = "<group>";
		};
/* End PBXGroup section */

/* Begin PBXNativeTarget section */
		FCEA450718B061320009B4DC /* Animal Age */ = {
			isa = PBXNativeTarget;
			buildConfigurationList = FCEA453D18B061320009B4DC /* Build configuration list for PBXNativeTarget "Animal Age" */;
			buildPhases = (
				FCEA450418B061320009B4DC /* Sources */,
				FCEA450518B061320009B4DC /* Frameworks */,
				FCEA450618B061320009B4DC /* Resources */,
			);
			buildRules = (
			);
			dependencies = (
			);
			name = "Animal Age";
			productName = "Animal Age";
			productReference = FCEA450818B061320009B4DC /* Animal Age.app */;
			productType = "com.apple.product-type.application";
		};
		FCEA452B18B061320009B4DC /* Animal AgeTests */ = {
			isa = PBXNativeTarget;
			buildConfigurationList = FCEA454018B061320009B4DC /* Build configuration list for PBXNativeTarget "Animal AgeTests" */;
			buildPhases = (
				FCEA452818B061320009B4DC /* Sources */,
				FCEA452918B061320009B4DC /* Frameworks */,
				FCEA452A18B061320009B4DC /* Resources */,
			);
			buildRules = (
			);
			dependencies = (
				FCEA453218B061320009B4DC /* PBXTargetDependency */,
			);
			name = "Animal AgeTests";
			productName = "Animal AgeTests";
			productReference = FCEA452C18B061320009B4DC /* Animal AgeTests.xctest */;
			productType = "com.apple.product-type.bundle.unit-test";
		};
/* End PBXNativeTarget section */

/* Begin PBXProject section */
		FCEA450018B061320009B4DC /* Project object */ = {
			isa = PBXProject;
			attributes = {
				LastUpgradeCheck = 0500;
				ORGANIZATIONNAME = "Jon Brown";
				TargetAttributes = {
					FCEA450718B061320009B4DC = {
						DevelopmentTeam = 2D4Z7WQ7RS;
					};
					FCEA452B18B061320009B4DC = {
						TestTargetID = FCEA450718B061320009B4DC;
					};
				};
			};
			buildConfigurationList = FCEA450318B061320009B4DC /* Build configuration list for PBXProject "Animal Age" */;
			compatibilityVersion = "Xcode 3.2";
			developmentRegion = English;
			hasScannedForEncodings = 0;
			knownRegions = (
				en,
				Base,
			);
			mainGroup = FCEA44FF18B061320009B4DC;
			productRefGroup = FCEA450918B061320009B4DC /* Products */;
			projectDirPath = "";
			projectRoot = "";
			targets = (
				FCEA450718B061320009B4DC /* Animal Age */,
				FCEA452B18B061320009B4DC /* Animal AgeTests */,
			);
		};
/* End PBXProject section */

/* Begin PBXResourcesBuildPhase section */
		FCEA450618B061320009B4DC /* Resources */ = {
			isa = PBXResourcesBuildPhase;
			buildActionMask = 2147483647;
			files = (
				FC54B2CB18B2FD5B00F084E2 /* AppIcon58X58.png in Resources */,
				FC41101718B2EF8400228D78 /* ProgressHUD.bundle in Resources */,
				FC41100D18B29CCD00228D78 /* trasnfer.png in Resources */,
				FCEFEAC718B1BD52008B33B8 /* jquery-1.7.1.min.js in Resources */,
				FC41100818B286CF00228D78 /* logo.png in Resources */,
				FC54B2C818B2FD5B00F084E2 /* Launch640X960.png in Resources */,
				FC54B2C918B2FD5B00F084E2 /* AppIcon120X120.png in Resources */,
				FCEFEAC518B1BD38008B33B8 /* index.html in Resources */,
				FC54B2C718B2FD5B00F084E2 /* Launch640X1136.png in Resources */,
				FCEA452218B061320009B4DC /* Main_iPad.storyboard in Resources */,
				FC41100618B2864B00228D78 /* iphone_line.png in Resources */,
				FC41100F18B2A3BD00228D78 /* man.png in Resources */,
				FCEA452718B061320009B4DC /* Images.xcassets in Resources */,
				FC54B2CA18B2FD5B00F084E2 /* AppIcon80X80.png in Resources */,
				FCEA451F18B061320009B4DC /* Main_iPhone.storyboard in Resources */,
				FCEA451618B061320009B4DC /* InfoPlist.strings in Resources */,
			);
			runOnlyForDeploymentPostprocessing = 0;
		};
		FCEA452A18B061320009B4DC /* Resources */ = {
			isa = PBXResourcesBuildPhase;
			buildActionMask = 2147483647;
			files = (
				FCEA453818B061320009B4DC /* InfoPlist.strings in Resources */,
				FCEFEAC618B1BD38008B33B8 /* index.html in Resources */,
			);
			runOnlyForDeploymentPostprocessing = 0;
		};
/* End PBXResourcesBuildPhase section */

/* Begin PBXSourcesBuildPhase section */
		FCEA450418B061320009B4DC /* Sources */ = {
			isa = PBXSourcesBuildPhase;
			buildActionMask = 2147483647;
			files = (
				FCEFEAD118B1DE59008B33B8 /* Calc.m in Sources */,
				FCEFEAD518B1E14C008B33B8 /* PickerTableView.m in Sources */,
				FCEA451C18B061320009B4DC /* AppDelegate.m in Sources */,
				FCEA451818B061320009B4DC /* main.m in Sources */,
				FCEFEABF18B1741A008B33B8 /* topBar.m in Sources */,
				FC54B2C618B2FD5B00F084E2 /* ProgressHUD.m in Sources */,
				FCEFEACD18B1DBA2008B33B8 /* AnimalPicker.m in Sources */,
			);
			runOnlyForDeploymentPostprocessing = 0;
		};
		FCEA452818B061320009B4DC /* Sources */ = {
			isa = PBXSourcesBuildPhase;
			buildActionMask = 2147483647;
			files = (
				FCEFEAD218B1DE59008B33B8 /* Calc.m in Sources */,
				FCEA453A18B061320009B4DC /* Animal_AgeTests.m in Sources */,
				FCEFEACE18B1DBA2008B33B8 /* AnimalPicker.m in Sources */,
				FCEFEAD618B1E14C008B33B8 /* PickerTableView.m in Sources */,
				FCEFEAC418B1BD38008B33B8 /* jquery-1.7.1.min.js in Sources */,
				FCEFEAC018B1741A008B33B8 /* topBar.m in Sources */,
			);
			runOnlyForDeploymentPostprocessing = 0;
		};
/* End PBXSourcesBuildPhase section */

/* Begin PBXTargetDependency section */
		FCEA453218B061320009B4DC /* PBXTargetDependency */ = {
			isa = PBXTargetDependency;
			target = FCEA450718B061320009B4DC /* Animal Age */;
			targetProxy = FCEA453118B061320009B4DC /* PBXContainerItemProxy */;
		};
/* End PBXTargetDependency section */

/* Begin PBXVariantGroup section */
		FCEA451418B061320009B4DC /* InfoPlist.strings */ = {
			isa = PBXVariantGroup;
			children = (
				FCEA451518B061320009B4DC /* en */,
			);
			name = InfoPlist.strings;
			sourceTree = "<group>";
		};
		FCEA451D18B061320009B4DC /* Main_iPhone.storyboard */ = {
			isa = PBXVariantGroup;
			children = (
				FCEA451E18B061320009B4DC /* Base */,
			);
			name = Main_iPhone.storyboard;
			sourceTree = "<group>";
		};
		FCEA452018B061320009B4DC /* Main_iPad.storyboard */ = {
			isa = PBXVariantGroup;
			children = (
				FCEA452118B061320009B4DC /* Base */,
			);
			name = Main_iPad.storyboard;
			sourceTree = "<group>";
		};
		FCEA453618B061320009B4DC /* InfoPlist.strings */ = {
			isa = PBXVariantGroup;
			children = (
				FCEA453718B061320009B4DC /* en */,
			);
			name = InfoPlist.strings;
			sourceTree = "<group>";
		};
/* End PBXVariantGroup section */

/* Begin XCBuildConfiguration section */
		FCEA453B18B061320009B4DC /* Debug */ = {
			isa = XCBuildConfiguration;
			buildSettings = {
				ALWAYS_SEARCH_USER_PATHS = NO;
				ARCHS = "$(ARCHS_STANDARD_INCLUDING_64_BIT)";
				CLANG_CXX_LANGUAGE_STANDARD = "gnu++0x";
				CLANG_CXX_LIBRARY = "libc++";
				CLANG_ENABLE_MODULES = YES;
				CLANG_ENABLE_OBJC_ARC = YES;
				CLANG_WARN_BOOL_CONVERSION = YES;
				CLANG_WARN_CONSTANT_CONVERSION = YES;
				CLANG_WARN_DIRECT_OBJC_ISA_USAGE = YES_ERROR;
				CLANG_WARN_EMPTY_BODY = YES;
				CLANG_WARN_ENUM_CONVERSION = YES;
				CLANG_WARN_INT_CONVERSION = YES;
				CLANG_WARN_OBJC_ROOT_CLASS = YES_ERROR;
				CLANG_WARN__DUPLICATE_METHOD_MATCH = YES;
				"CODE_SIGN_IDENTITY[sdk=iphoneos*]" = "iPhone Developer";
				COPY_PHASE_STRIP = NO;
				GCC_C_LANGUAGE_STANDARD = gnu99;
				GCC_DYNAMIC_NO_PIC = NO;
				GCC_OPTIMIZATION_LEVEL = 0;
				GCC_PREPROCESSOR_DEFINITIONS = (
					"DEBUG=1",
					"$(inherited)",
				);
				GCC_SYMBOLS_PRIVATE_EXTERN = NO;
				GCC_WARN_64_TO_32_BIT_CONVERSION = YES;
				GCC_WARN_ABOUT_RETURN_TYPE = YES_ERROR;
				GCC_WARN_UNDECLARED_SELECTOR = YES;
				GCC_WARN_UNINITIALIZED_AUTOS = YES;
				GCC_WARN_UNUSED_FUNCTION = YES;
				GCC_WARN_UNUSED_VARIABLE = YES;
				IPHONEOS_DEPLOYMENT_TARGET = 7.0;
				ONLY_ACTIVE_ARCH = YES;
				SDKROOT = iphoneos;
				TARGETED_DEVICE_FAMILY = "1,2";
			};
			name = Debug;
		};
		FCEA453C18B061320009B4DC /* Release */ = {
			isa = XCBuildConfiguration;
			buildSettings = {
				ALWAYS_SEARCH_USER_PATHS = NO;
				ARCHS = "$(ARCHS_STANDARD_INCLUDING_64_BIT)";
				CLANG_CXX_LANGUAGE_STANDARD = "gnu++0x";
				CLANG_CXX_LIBRARY = "libc++";
				CLANG_ENABLE_MODULES = YES;
				CLANG_ENABLE_OBJC_ARC = YES;
				CLANG_WARN_BOOL_CONVERSION = YES;
				CLANG_WARN_CONSTANT_CONVERSION = YES;
				CLANG_WARN_DIRECT_OBJC_ISA_USAGE = YES_ERROR;
				CLANG_WARN_EMPTY_BODY = YES;
				CLANG_WARN_ENUM_CONVERSION = YES;
				CLANG_WARN_INT_CONVERSION = YES;
				CLANG_WARN_OBJC_ROOT_CLASS = YES_ERROR;
				CLANG_WARN__DUPLICATE_METHOD_MATCH = YES;
				"CODE_SIGN_IDENTITY[sdk=iphoneos*]" = "iPhone Developer";
				COPY_PHASE_STRIP = YES;
				ENABLE_NS_ASSERTIONS = NO;
				GCC_C_LANGUAGE_STANDARD = gnu99;
				GCC_WARN_64_TO_32_BIT_CONVERSION = YES;
				GCC_WARN_ABOUT_RETURN_TYPE = YES_ERROR;
				GCC_WARN_UNDECLARED_SELECTOR = YES;
				GCC_WARN_UNINITIALIZED_AUTOS = YES;
				GCC_WARN_UNUSED_FUNCTION = YES;
				GCC_WARN_UNUSED_VARIABLE = YES;
				IPHONEOS_DEPLOYMENT_TARGET = 7.0;
				SDKROOT = iphoneos;
				TARGETED_DEVICE_FAMILY = "1,2";
				VALIDATE_PRODUCT = YES;
			};
			name = Release;
		};
		FCEA453E18B061320009B4DC /* Debug */ = {
			isa = XCBuildConfiguration;
			buildSettings = {
				CODE_SIGN_IDENTITY = "iPhone Developer";
				"CODE_SIGN_IDENTITY[sdk=iphoneos*]" = "iPhone Developer";
				GCC_PRECOMPILE_PREFIX_HEADER = YES;
				GCC_PREFIX_HEADER = "Animal Age/Animal Age-Prefix.pch";
				INFOPLIST_FILE = "Animal Age/Animal Age-Info.plist";
				IPHONEOS_DEPLOYMENT_TARGET = 7.0;
				PRODUCT_NAME = "$(TARGET_NAME)";
				PROVISIONING_PROFILE = "";
				TARGETED_DEVICE_FAMILY = 1;
				WRAPPER_EXTENSION = app;
			};
			name = Debug;
		};
		FCEA453F18B061320009B4DC /* Release */ = {
			isa = XCBuildConfiguration;
			buildSettings = {
				CODE_SIGN_IDENTITY = "iPhone Developer";
				"CODE_SIGN_IDENTITY[sdk=iphoneos*]" = "iPhone Developer";
				GCC_PRECOMPILE_PREFIX_HEADER = YES;
				GCC_PREFIX_HEADER = "Animal Age/Animal Age-Prefix.pch";
				INFOPLIST_FILE = "Animal Age/Animal Age-Info.plist";
				IPHONEOS_DEPLOYMENT_TARGET = 7.0;
				PRODUCT_NAME = "$(TARGET_NAME)";
				PROVISIONING_PROFILE = "";
				TARGETED_DEVICE_FAMILY = 1;
				WRAPPER_EXTENSION = app;
			};
			name = Release;
		};
		FCEA454118B061320009B4DC /* Debug */ = {
			isa = XCBuildConfiguration;
			buildSettings = {
				ARCHS = "$(ARCHS_STANDARD_INCLUDING_64_BIT)";
				BUNDLE_LOADER = "$(BUILT_PRODUCTS_DIR)/Animal Age.app/Animal Age";
				FRAMEWORK_SEARCH_PATHS = (
					"$(SDKROOT)/Developer/Library/Frameworks",
					"$(inherited)",
					"$(DEVELOPER_FRAMEWORKS_DIR)",
				);
				GCC_PRECOMPILE_PREFIX_HEADER = YES;
				GCC_PREFIX_HEADER = "Animal Age/Animal Age-Prefix.pch";
				GCC_PREPROCESSOR_DEFINITIONS = (
					"DEBUG=1",
					"$(inherited)",
				);
				INFOPLIST_FILE = "Animal AgeTests/Animal AgeTests-Info.plist";
				PRODUCT_NAME = "$(TARGET_NAME)";
				TEST_HOST = "$(BUNDLE_LOADER)";
				WRAPPER_EXTENSION = xctest;
			};
			name = Debug;
		};
		FCEA454218B061320009B4DC /* Release */ = {
			isa = XCBuildConfiguration;
			buildSettings = {
				ARCHS = "$(ARCHS_STANDARD_INCLUDING_64_BIT)";
				BUNDLE_LOADER = "$(BUILT_PRODUCTS_DIR)/Animal Age.app/Animal Age";
				FRAMEWORK_SEARCH_PATHS = (
					"$(SDKROOT)/Developer/Library/Frameworks",
					"$(inherited)",
					"$(DEVELOPER_FRAMEWORKS_DIR)",
				);
				GCC_PRECOMPILE_PREFIX_HEADER = YES;
				GCC_PREFIX_HEADER = "Animal Age/Animal Age-Prefix.pch";
				INFOPLIST_FILE = "Animal AgeTests/Animal AgeTests-Info.plist";
				PRODUCT_NAME = "$(TARGET_NAME)";
				TEST_HOST = "$(BUNDLE_LOADER)";
				WRAPPER_EXTENSION = xctest;
			};
			name = Release;
		};
/* End XCBuildConfiguration section */

/* Begin XCConfigurationList section */
		FCEA450318B061320009B4DC /* Build configuration list for PBXProject "Animal Age" */ = {
			isa = XCConfigurationList;
			buildConfigurations = (
				FCEA453B18B061320009B4DC /* Debug */,
				FCEA453C18B061320009B4DC /* Release */,
			);
			defaultConfigurationIsVisible = 0;
			defaultConfigurationName = Release;
		};
		FCEA453D18B061320009B4DC /* Build configuration list for PBXNativeTarget "Animal Age" */ = {
			isa = XCConfigurationList;
			buildConfigurations = (
				FCEA453E18B061320009B4DC /* Debug */,
				FCEA453F18B061320009B4DC /* Release */,
			);
			defaultConfigurationIsVisible = 0;
			defaultConfigurationName = Release;
		};
		FCEA454018B061320009B4DC /* Build configuration list for PBXNativeTarget "Animal AgeTests" */ = {
			isa = XCConfigurationList;
			buildConfigurations = (
				FCEA454118B061320009B4DC /* Debug */,
				FCEA454218B061320009B4DC /* Release */,
			);
			defaultConfigurationIsVisible = 0;
			defaultConfigurationName = Release;
		};
/* End XCConfigurationList section */
	};
	rootObject = FCEA450018B061320009B4DC /* Project object */;
}
