// !$*UTF8*$!
{
	archiveVersion = 1;
	classes = {
	};
	objectVersion = 46;
	objects = {

/* Begin PBXBuildFile section */
		041995AE23A09CB50020B63B /* WebKit.framework in Frameworks */ = {isa = PBXBuildFile; fileRef = 041995AD23A09CB40020B63B /* WebKit.framework */; };
		D4C3DB00A35ABCB0D8DB7CE0 /* Pods_Animal_Age.framework in Frameworks */ = {isa = PBXBuildFile; fileRef = 5C53B40398CE53B1285D9D35 /* Pods_Animal_Age.framework */; };
		FC261B4F23943E810068502A /* UISnapNav.swift in Sources */ = {isa = PBXBuildFile; fileRef = FC261B4E23943E810068502A /* UISnapNav.swift */; };
		FC4074171E89F61700D163F5 /* CoreData.framework in Frameworks */ = {isa = PBXBuildFile; fileRef = FC4074161E89F61700D163F5 /* CoreData.framework */; };
		FC410FFE18B25A9F00228D78 /* QuartzCore.framework in Frameworks */ = {isa = PBXBuildFile; fileRef = FC410FFD18B25A9F00228D78 /* QuartzCore.framework */; };
		FC6F8B5E1E89F3E700DB48F9 /* Model.xcdatamodeld in Sources */ = {isa = PBXBuildFile; fileRef = FC6F8B5C1E89F3E700DB48F9 /* Model.xcdatamodeld */; };
		FC7E5FA51E78514200434E11 /* libxml2.2.tbd in Frameworks */ = {isa = PBXBuildFile; fileRef = FC7E5FA41E78514200434E11 /* libxml2.2.tbd */; };
		FC7E5FA71E78516A00434E11 /* libxml2.2.dylib in Frameworks */ = {isa = PBXBuildFile; fileRef = FC7E5FA61E78516A00434E11 /* libxml2.2.dylib */; };
		FC7E5FA91E78517800434E11 /* libz.tbd in Frameworks */ = {isa = PBXBuildFile; fileRef = FC7E5FA81E78517800434E11 /* libz.tbd */; };
		FC7E5FAB1E78518200434E11 /* libstdc++.tbd in Frameworks */ = {isa = PBXBuildFile; fileRef = FC7E5FAA1E78518200434E11 /* libstdc++.tbd */; };
		FC8F8C831FB8B6320015E5E8 /* LaunchScreen.storyboard in Resources */ = {isa = PBXBuildFile; fileRef = FC8F8C821FB8B6320015E5E8 /* LaunchScreen.storyboard */; };
		FCE158E823949A36005DBE89 /* NewsTableViewController.swift in Sources */ = {isa = PBXBuildFile; fileRef = FCE158E723949A36005DBE89 /* NewsTableViewController.swift */; };
		FCE158EA23949A56005DBE89 /* DetailNewsController.swift in Sources */ = {isa = PBXBuildFile; fileRef = FCE158E923949A56005DBE89 /* DetailNewsController.swift */; };
		FCE158F12394B398005DBE89 /* DeviceViewController.swift in Sources */ = {isa = PBXBuildFile; fileRef = FCE158EB2394B397005DBE89 /* DeviceViewController.swift */; };
		FCE158F22394B398005DBE89 /* PickerTableView.swift in Sources */ = {isa = PBXBuildFile; fileRef = FCE158EC2394B397005DBE89 /* PickerTableView.swift */; };
		FCE158F32394B398005DBE89 /* AppDelegate.swift in Sources */ = {isa = PBXBuildFile; fileRef = FCE158ED2394B397005DBE89 /* AppDelegate.swift */; };
		FCE158F42394B398005DBE89 /* DeviceDetailViewController.swift in Sources */ = {isa = PBXBuildFile; fileRef = FCE158EE2394B397005DBE89 /* DeviceDetailViewController.swift */; };
		FCE158F52394B398005DBE89 /* AnimalPicker.swift in Sources */ = {isa = PBXBuildFile; fileRef = FCE158EF2394B397005DBE89 /* AnimalPicker.swift */; };
		FCE158F62394B398005DBE89 /* Calc.swift in Sources */ = {isa = PBXBuildFile; fileRef = FCE158F02394B398005DBE89 /* Calc.swift */; };
		FCEA450C18B061320009B4DC /* Foundation.framework in Frameworks */ = {isa = PBXBuildFile; fileRef = FCEA450B18B061320009B4DC /* Foundation.framework */; };
		FCEA450E18B061320009B4DC /* CoreGraphics.framework in Frameworks */ = {isa = PBXBuildFile; fileRef = FCEA450D18B061320009B4DC /* CoreGraphics.framework */; };
		FCEA451018B061320009B4DC /* UIKit.framework in Frameworks */ = {isa = PBXBuildFile; fileRef = FCEA450F18B061320009B4DC /* UIKit.framework */; };
		FCEA451618B061320009B4DC /* InfoPlist.strings in Resources */ = {isa = PBXBuildFile; fileRef = FCEA451418B061320009B4DC /* InfoPlist.strings */; };
		FCEA451F18B061320009B4DC /* Main_iPhone.storyboard in Resources */ = {isa = PBXBuildFile; fileRef = FCEA451D18B061320009B4DC /* Main_iPhone.storyboard */; };
		FCEA452218B061320009B4DC /* Main_iPad.storyboard in Resources */ = {isa = PBXBuildFile; fileRef = FCEA452018B061320009B4DC /* Main_iPad.storyboard */; };
		FCEA452718B061320009B4DC /* Images.xcassets in Resources */ = {isa = PBXBuildFile; fileRef = FCEA452618B061320009B4DC /* Images.xcassets */; };
		FCEA452E18B061320009B4DC /* XCTest.framework in Frameworks */ = {isa = PBXBuildFile; fileRef = FCEA452D18B061320009B4DC /* XCTest.framework */; };
		FCEA452F18B061320009B4DC /* Foundation.framework in Frameworks */ = {isa = PBXBuildFile; fileRef = FCEA450B18B061320009B4DC /* Foundation.framework */; };
		FCEA453018B061320009B4DC /* UIKit.framework in Frameworks */ = {isa = PBXBuildFile; fileRef = FCEA450F18B061320009B4DC /* UIKit.framework */; };
		FCEA453818B061320009B4DC /* InfoPlist.strings in Resources */ = {isa = PBXBuildFile; fileRef = FCEA453618B061320009B4DC /* InfoPlist.strings */; };
		FCEA453A18B061320009B4DC /* Animal_AgeTests.m in Sources */ = {isa = PBXBuildFile; fileRef = FCEA453918B061320009B4DC /* Animal_AgeTests.m */; };
		FCEA8B2319EB337600D00340 /* index.html in Resources */ = {isa = PBXBuildFile; fileRef = FCEA8B2119EB337600D00340 /* index.html */; };
		FCEA8B2419EB337600D00340 /* jquery-1.7.1.min.js in Resources */ = {isa = PBXBuildFile; fileRef = FCEA8B2219EB337600D00340 /* jquery-1.7.1.min.js */; };
/* End PBXBuildFile section */

/* Begin PBXContainerItemProxy section */
		FCEA453118B061320009B4DC /* PBXContainerItemProxy */ = {
			isa = PBXContainerItemProxy;
			containerPortal = FCEA450018B061320009B4DC /* Project object */;
			proxyType = 1;
			remoteGlobalIDString = FCEA450718B061320009B4DC;
			remoteInfo = "Animal Age";
		};
/* End PBXContainerItemProxy section */

/* Begin PBXFileReference section */
		041995AD23A09CB40020B63B /* WebKit.framework */ = {isa = PBXFileReference; lastKnownFileType = wrapper.framework; name = WebKit.framework; path = System/Library/Frameworks/WebKit.framework; sourceTree = SDKROOT; };
		220FEBBA90CA79F447AE0407 /* Pods-Animal Age.debug.xcconfig */ = {isa = PBXFileReference; includeInIndex = 1; lastKnownFileType = text.xcconfig; name = "Pods-Animal Age.debug.xcconfig"; path = "Target Support Files/Pods-Animal Age/Pods-Animal Age.debug.xcconfig"; sourceTree = "<group>"; };
		5C53B40398CE53B1285D9D35 /* Pods_Animal_Age.framework */ = {isa = PBXFileReference; explicitFileType = wrapper.framework; includeInIndex = 0; path = Pods_Animal_Age.framework; sourceTree = BUILT_PRODUCTS_DIR; };
		F2F5E66053460ACD28FD4357 /* Pods-Animal Age.release.xcconfig */ = {isa = PBXFileReference; includeInIndex = 1; lastKnownFileType = text.xcconfig; name = "Pods-Animal Age.release.xcconfig"; path = "Target Support Files/Pods-Animal Age/Pods-Animal Age.release.xcconfig"; sourceTree = "<group>"; };
		FC261B4E23943E810068502A /* UISnapNav.swift */ = {isa = PBXFileReference; lastKnownFileType = sourcecode.swift; path = UISnapNav.swift; sourceTree = "<group>"; };
		FC4074161E89F61700D163F5 /* CoreData.framework */ = {isa = PBXFileReference; lastKnownFileType = wrapper.framework; name = CoreData.framework; path = System/Library/Frameworks/CoreData.framework; sourceTree = SDKROOT; };
		FC410FFD18B25A9F00228D78 /* QuartzCore.framework */ = {isa = PBXFileReference; lastKnownFileType = wrapper.framework; name = QuartzCore.framework; path = System/Library/Frameworks/QuartzCore.framework; sourceTree = SDKROOT; };
		FC6F8B5D1E89F3E700DB48F9 /* Model.xcdatamodel */ = {isa = PBXFileReference; lastKnownFileType = wrapper.xcdatamodel; path = Model.xcdatamodel; sourceTree = "<group>"; };
		FC7E5FA41E78514200434E11 /* libxml2.2.tbd */ = {isa = PBXFileReference; lastKnownFileType = "sourcecode.text-based-dylib-definition"; name = libxml2.2.tbd; path = usr/lib/libxml2.2.tbd; sourceTree = SDKROOT; };
		FC7E5FA61E78516A00434E11 /* libxml2.2.dylib */ = {isa = PBXFileReference; lastKnownFileType = "compiled.mach-o.dylib"; name = libxml2.2.dylib; path = ../../../../../../usr/lib/libxml2.2.dylib; sourceTree = "<group>"; };
		FC7E5FA81E78517800434E11 /* libz.tbd */ = {isa = PBXFileReference; lastKnownFileType = "sourcecode.text-based-dylib-definition"; name = libz.tbd; path = Platforms/iPhoneOS.platform/Developer/SDKs/iPhoneOS.sdk/usr/lib/libz.tbd; sourceTree = DEVELOPER_DIR; };
		FC7E5FAA1E78518200434E11 /* libstdc++.tbd */ = {isa = PBXFileReference; lastKnownFileType = "sourcecode.text-based-dylib-definition"; name = "libstdc++.tbd"; path = "Platforms/iPhoneOS.platform/Developer/SDKs/iPhoneOS.sdk/usr/lib/libstdc++.tbd"; sourceTree = DEVELOPER_DIR; };
		FC8F8C821FB8B6320015E5E8 /* LaunchScreen.storyboard */ = {isa = PBXFileReference; lastKnownFileType = file.storyboard; path = LaunchScreen.storyboard; sourceTree = "<group>"; };
		FCE158E723949A36005DBE89 /* NewsTableViewController.swift */ = {isa = PBXFileReference; lastKnownFileType = sourcecode.swift; path = NewsTableViewController.swift; sourceTree = "<group>"; };
		FCE158E923949A56005DBE89 /* DetailNewsController.swift */ = {isa = PBXFileReference; lastKnownFileType = sourcecode.swift; path = DetailNewsController.swift; sourceTree = "<group>"; };
		FCE158EB2394B397005DBE89 /* DeviceViewController.swift */ = {isa = PBXFileReference; fileEncoding = 4; lastKnownFileType = sourcecode.swift; path = DeviceViewController.swift; sourceTree = "<group>"; };
		FCE158EC2394B397005DBE89 /* PickerTableView.swift */ = {isa = PBXFileReference; fileEncoding = 4; lastKnownFileType = sourcecode.swift; path = PickerTableView.swift; sourceTree = "<group>"; };
		FCE158ED2394B397005DBE89 /* AppDelegate.swift */ = {isa = PBXFileReference; fileEncoding = 4; lastKnownFileType = sourcecode.swift; path = AppDelegate.swift; sourceTree = "<group>"; };
		FCE158EE2394B397005DBE89 /* DeviceDetailViewController.swift */ = {isa = PBXFileReference; fileEncoding = 4; lastKnownFileType = sourcecode.swift; path = DeviceDetailViewController.swift; sourceTree = "<group>"; };
		FCE158EF2394B397005DBE89 /* AnimalPicker.swift */ = {isa = PBXFileReference; fileEncoding = 4; lastKnownFileType = sourcecode.swift; path = AnimalPicker.swift; sourceTree = "<group>"; };
		FCE158F02394B398005DBE89 /* Calc.swift */ = {isa = PBXFileReference; fileEncoding = 4; lastKnownFileType = sourcecode.swift; path = Calc.swift; sourceTree = "<group>"; };
		FCEA450818B061320009B4DC /* Animal Age.app */ = {isa = PBXFileReference; explicitFileType = wrapper.application; includeInIndex = 0; path = "Animal Age.app"; sourceTree = BUILT_PRODUCTS_DIR; };
		FCEA450B18B061320009B4DC /* Foundation.framework */ = {isa = PBXFileReference; lastKnownFileType = wrapper.framework; name = Foundation.framework; path = System/Library/Frameworks/Foundation.framework; sourceTree = SDKROOT; };
		FCEA450D18B061320009B4DC /* CoreGraphics.framework */ = {isa = PBXFileReference; lastKnownFileType = wrapper.framework; name = CoreGraphics.framework; path = System/Library/Frameworks/CoreGraphics.framework; sourceTree = SDKROOT; };
		FCEA450F18B061320009B4DC /* UIKit.framework */ = {isa = PBXFileReference; lastKnownFileType = wrapper.framework; name = UIKit.framework; path = System/Library/Frameworks/UIKit.framework; sourceTree = SDKROOT; };
		FCEA451318B061320009B4DC /* Animal Age-Info.plist */ = {isa = PBXFileReference; lastKnownFileType = text.plist.xml; path = "Animal Age-Info.plist"; sourceTree = "<group>"; };
		FCEA451518B061320009B4DC /* en */ = {isa = PBXFileReference; lastKnownFileType = text.plist.strings; name = en; path = en.lproj/InfoPlist.strings; sourceTree = "<group>"; };
		FCEA451918B061320009B4DC /* Animal Age-Prefix.pch */ = {isa = PBXFileReference; lastKnownFileType = sourcecode.c.h; path = "Animal Age-Prefix.pch"; sourceTree = "<group>"; };
		FCEA451E18B061320009B4DC /* Base */ = {isa = PBXFileReference; lastKnownFileType = file.storyboard; name = Base; path = Base.lproj/Main_iPhone.storyboard; sourceTree = "<group>"; };
		FCEA452118B061320009B4DC /* Base */ = {isa = PBXFileReference; lastKnownFileType = file.storyboard; name = Base; path = Base.lproj/Main_iPad.storyboard; sourceTree = "<group>"; };
		FCEA452618B061320009B4DC /* Images.xcassets */ = {isa = PBXFileReference; lastKnownFileType = folder.assetcatalog; path = Images.xcassets; sourceTree = "<group>"; };
		FCEA452C18B061320009B4DC /* Animal AgeTests.xctest */ = {isa = PBXFileReference; explicitFileType = wrapper.cfbundle; includeInIndex = 0; path = "Animal AgeTests.xctest"; sourceTree = BUILT_PRODUCTS_DIR; };
		FCEA452D18B061320009B4DC /* XCTest.framework */ = {isa = PBXFileReference; lastKnownFileType = wrapper.framework; name = XCTest.framework; path = Library/Frameworks/XCTest.framework; sourceTree = DEVELOPER_DIR; };
		FCEA453518B061320009B4DC /* Animal AgeTests-Info.plist */ = {isa = PBXFileReference; lastKnownFileType = text.plist.xml; path = "Animal AgeTests-Info.plist"; sourceTree = "<group>"; };
		FCEA453718B061320009B4DC /* en */ = {isa = PBXFileReference; lastKnownFileType = text.plist.strings; name = en; path = en.lproj/InfoPlist.strings; sourceTree = "<group>"; };
		FCEA453918B061320009B4DC /* Animal_AgeTests.m */ = {isa = PBXFileReference; lastKnownFileType = sourcecode.c.objc; path = Animal_AgeTests.m; sourceTree = "<group>"; };
		FCEA8B2119EB337600D00340 /* index.html */ = {isa = PBXFileReference; fileEncoding = 4; lastKnownFileType = text.html; name = index.html; path = htdocs/index.html; sourceTree = "<group>"; };
		FCEA8B2219EB337600D00340 /* jquery-1.7.1.min.js */ = {isa = PBXFileReference; fileEncoding = 4; lastKnownFileType = sourcecode.javascript; name = "jquery-1.7.1.min.js"; path = "htdocs/jquery-1.7.1.min.js"; sourceTree = "<group>"; };
/* End PBXFileReference section */

/* Begin PBXFrameworksBuildPhase section */
		FCEA450518B061320009B4DC /* Frameworks */ = {
			isa = PBXFrameworksBuildPhase;
			buildActionMask = 2147483647;
			files = (
				041995AE23A09CB50020B63B /* WebKit.framework in Frameworks */,
				FC7E5FAB1E78518200434E11 /* libstdc++.tbd in Frameworks */,
				FC7E5FA91E78517800434E11 /* libz.tbd in Frameworks */,
				FC7E5FA51E78514200434E11 /* libxml2.2.tbd in Frameworks */,
				FC7E5FA71E78516A00434E11 /* libxml2.2.dylib in Frameworks */,
				FC4074171E89F61700D163F5 /* CoreData.framework in Frameworks */,
				FC410FFE18B25A9F00228D78 /* QuartzCore.framework in Frameworks */,
				FCEA450E18B061320009B4DC /* CoreGraphics.framework in Frameworks */,
				FCEA451018B061320009B4DC /* UIKit.framework in Frameworks */,
				FCEA450C18B061320009B4DC /* Foundation.framework in Frameworks */,
				D4C3DB00A35ABCB0D8DB7CE0 /* Pods_Animal_Age.framework in Frameworks */,
			);
			runOnlyForDeploymentPostprocessing = 0;
		};
		FCEA452918B061320009B4DC /* Frameworks */ = {
			isa = PBXFrameworksBuildPhase;
			buildActionMask = 2147483647;
			files = (
				FCEA452E18B061320009B4DC /* XCTest.framework in Frameworks */,
				FCEA453018B061320009B4DC /* UIKit.framework in Frameworks */,
				FCEA452F18B061320009B4DC /* Foundation.framework in Frameworks */,
			);
			runOnlyForDeploymentPostprocessing = 0;
		};
/* End PBXFrameworksBuildPhase section */

/* Begin PBXGroup section */
		01906470615D2149A1B54087 /* Pods */ = {
			isa = PBXGroup;
			children = (
				220FEBBA90CA79F447AE0407 /* Pods-Animal Age.debug.xcconfig */,
				F2F5E66053460ACD28FD4357 /* Pods-Animal Age.release.xcconfig */,
			);
			path = Pods;
			sourceTree = "<group>";
		};
		FCEA44FF18B061320009B4DC = {
			isa = PBXGroup;
			children = (
				FCEA451118B061320009B4DC /* Animal Age */,
				FCEA453318B061320009B4DC /* Animal AgeTests */,
				FCEA450A18B061320009B4DC /* Frameworks */,
				FCEA450918B061320009B4DC /* Products */,
				01906470615D2149A1B54087 /* Pods */,
			);
			sourceTree = "<group>";
		};
		FCEA450918B061320009B4DC /* Products */ = {
			isa = PBXGroup;
			children = (
				FCEA450818B061320009B4DC /* Animal Age.app */,
				FCEA452C18B061320009B4DC /* Animal AgeTests.xctest */,
			);
			name = Products;
			sourceTree = "<group>";
		};
		FCEA450A18B061320009B4DC /* Frameworks */ = {
			isa = PBXGroup;
			children = (
				041995AD23A09CB40020B63B /* WebKit.framework */,
				FC4074161E89F61700D163F5 /* CoreData.framework */,
				FC7E5FAA1E78518200434E11 /* libstdc++.tbd */,
				FC7E5FA81E78517800434E11 /* libz.tbd */,
				FC7E5FA61E78516A00434E11 /* libxml2.2.dylib */,
				FC7E5FA41E78514200434E11 /* libxml2.2.tbd */,
				FC410FFD18B25A9F00228D78 /* QuartzCore.framework */,
				FCEA450B18B061320009B4DC /* Foundation.framework */,
				FCEA450D18B061320009B4DC /* CoreGraphics.framework */,
				FCEA450F18B061320009B4DC /* UIKit.framework */,
				FCEA452D18B061320009B4DC /* XCTest.framework */,
				5C53B40398CE53B1285D9D35 /* Pods_Animal_Age.framework */,
			);
			name = Frameworks;
			sourceTree = "<group>";
		};
		FCEA451118B061320009B4DC /* Animal Age */ = {
			isa = PBXGroup;
			children = (
				FCE158EF2394B397005DBE89 /* AnimalPicker.swift */,
				FCE158ED2394B397005DBE89 /* AppDelegate.swift */,
				FCE158F02394B398005DBE89 /* Calc.swift */,
				FCE158EE2394B397005DBE89 /* DeviceDetailViewController.swift */,
				FCE158EB2394B397005DBE89 /* DeviceViewController.swift */,
				FCE158EC2394B397005DBE89 /* PickerTableView.swift */,
				FC261B4E23943E810068502A /* UISnapNav.swift */,
				FCE158E723949A36005DBE89 /* NewsTableViewController.swift */,
				FCE158E923949A56005DBE89 /* DetailNewsController.swift */,
				FCEA451D18B061320009B4DC /* Main_iPhone.storyboard */,
				FCEA452018B061320009B4DC /* Main_iPad.storyboard */,
				FC8F8C821FB8B6320015E5E8 /* LaunchScreen.storyboard */,
				FCEFEAC818B1BF6C008B33B8 /* htdocs */,
				FCEA452618B061320009B4DC /* Images.xcassets */,
				FCEA451218B061320009B4DC /* Supporting Files */,
			);
			path = "Animal Age";
			sourceTree = "<group>";
		};
		FCEA451218B061320009B4DC /* Supporting Files */ = {
			isa = PBXGroup;
			children = (
				FC6F8B5C1E89F3E700DB48F9 /* Model.xcdatamodeld */,
				FCEA451318B061320009B4DC /* Animal Age-Info.plist */,
				FCEA451418B061320009B4DC /* InfoPlist.strings */,
				FCEA451918B061320009B4DC /* Animal Age-Prefix.pch */,
			);
			name = "Supporting Files";
			sourceTree = "<group>";
		};
		FCEA453318B061320009B4DC /* Animal AgeTests */ = {
			isa = PBXGroup;
			children = (
				FCEA453918B061320009B4DC /* Animal_AgeTests.m */,
				FCEA453418B061320009B4DC /* Supporting Files */,
			);
			path = "Animal AgeTests";
			sourceTree = "<group>";
		};
		FCEA453418B061320009B4DC /* Supporting Files */ = {
			isa = PBXGroup;
			children = (
				FCEA453518B061320009B4DC /* Animal AgeTests-Info.plist */,
				FCEA453618B061320009B4DC /* InfoPlist.strings */,
			);
			name = "Supporting Files";
			sourceTree = "<group>";
		};
		FCEFEAC818B1BF6C008B33B8 /* htdocs */ = {
			isa = PBXGroup;
			children = (
				FCEA8B2119EB337600D00340 /* index.html */,
				FCEA8B2219EB337600D00340 /* jquery-1.7.1.min.js */,
			);
			name = htdocs;
			sourceTree = "<group>";
		};
/* End PBXGroup section */

/* Begin PBXNativeTarget section */
		FCEA450718B061320009B4DC /* Animal Age */ = {
			isa = PBXNativeTarget;
			buildConfigurationList = FCEA453D18B061320009B4DC /* Build configuration list for PBXNativeTarget "Animal Age" */;
			buildPhases = (
				13F1147D2FEBB05024DC5840 /* [CP] Check Pods Manifest.lock */,
				FCEA450418B061320009B4DC /* Sources */,
				FCEA450518B061320009B4DC /* Frameworks */,
				FCEA450618B061320009B4DC /* Resources */,
				97AF02D8152130B438910B70 /* [CP] Embed Pods Frameworks */,
			);
			buildRules = (
			);
			dependencies = (
			);
			name = "Animal Age";
			productName = "Animal Age";
			productReference = FCEA450818B061320009B4DC /* Animal Age.app */;
			productType = "com.apple.product-type.application";
		};
		FCEA452B18B061320009B4DC /* Animal AgeTests */ = {
			isa = PBXNativeTarget;
			buildConfigurationList = FCEA454018B061320009B4DC /* Build configuration list for PBXNativeTarget "Animal AgeTests" */;
			buildPhases = (
				FCEA452818B061320009B4DC /* Sources */,
				FCEA452918B061320009B4DC /* Frameworks */,
				FCEA452A18B061320009B4DC /* Resources */,
			);
			buildRules = (
			);
			dependencies = (
				FCEA453218B061320009B4DC /* PBXTargetDependency */,
			);
			name = "Animal AgeTests";
			productName = "Animal AgeTests";
			productReference = FCEA452C18B061320009B4DC /* Animal AgeTests.xctest */;
			productType = "com.apple.product-type.bundle.unit-test";
		};
/* End PBXNativeTarget section */

/* Begin PBXProject section */
		FCEA450018B061320009B4DC /* Project object */ = {
			isa = PBXProject;
			attributes = {
				LastUpgradeCheck = 1250;
				ORGANIZATIONNAME = "Jon Brown";
				TargetAttributes = {
					FCEA450718B061320009B4DC = {
						DevelopmentTeam = 2D4Z7WQ7RS;
						LastSwiftMigration = 1120;
					};
					FCEA452B18B061320009B4DC = {
						TestTargetID = FCEA450718B061320009B4DC;
					};
				};
			};
			buildConfigurationList = FCEA450318B061320009B4DC /* Build configuration list for PBXProject "Animal Age" */;
			compatibilityVersion = "Xcode 3.2";
			developmentRegion = en;
			hasScannedForEncodings = 0;
			knownRegions = (
				en,
				Base,
			);
			mainGroup = FCEA44FF18B061320009B4DC;
			productRefGroup = FCEA450918B061320009B4DC /* Products */;
			projectDirPath = "";
			projectRoot = "";
			targets = (
				FCEA450718B061320009B4DC /* Animal Age */,
				FCEA452B18B061320009B4DC /* Animal AgeTests */,
			);
		};
/* End PBXProject section */

/* Begin PBXResourcesBuildPhase section */
		FCEA450618B061320009B4DC /* Resources */ = {
			isa = PBXResourcesBuildPhase;
			buildActionMask = 2147483647;
			files = (
				FCEA8B2419EB337600D00340 /* jquery-1.7.1.min.js in Resources */,
				FCEA452218B061320009B4DC /* Main_iPad.storyboard in Resources */,
				FC8F8C831FB8B6320015E5E8 /* LaunchScreen.storyboard in Resources */,
				FCEA8B2319EB337600D00340 /* index.html in Resources */,
				FCEA452718B061320009B4DC /* Images.xcassets in Resources */,
				FCEA451F18B061320009B4DC /* Main_iPhone.storyboard in Resources */,
				FCEA451618B061320009B4DC /* InfoPlist.strings in Resources */,
			);
			runOnlyForDeploymentPostprocessing = 0;
		};
		FCEA452A18B061320009B4DC /* Resources */ = {
			isa = PBXResourcesBuildPhase;
			buildActionMask = 2147483647;
			files = (
				FCEA453818B061320009B4DC /* InfoPlist.strings in Resources */,
			);
			runOnlyForDeploymentPostprocessing = 0;
		};
/* End PBXResourcesBuildPhase section */

/* Begin PBXShellScriptBuildPhase section */
		13F1147D2FEBB05024DC5840 /* [CP] Check Pods Manifest.lock */ = {
			isa = PBXShellScriptBuildPhase;
			buildActionMask = 2147483647;
			files = (
			);
			inputFileListPaths = (
			);
			inputPaths = (
				"${PODS_PODFILE_DIR_PATH}/Podfile.lock",
				"${PODS_ROOT}/Manifest.lock",
			);
			name = "[CP] Check Pods Manifest.lock";
			outputFileListPaths = (
			);
			outputPaths = (
				"$(DERIVED_FILE_DIR)/Pods-Animal Age-checkManifestLockResult.txt",
			);
			runOnlyForDeploymentPostprocessing = 0;
			shellPath = /bin/sh;
			shellScript = "diff \"${PODS_PODFILE_DIR_PATH}/Podfile.lock\" \"${PODS_ROOT}/Manifest.lock\" > /dev/null\nif [ $? != 0 ] ; then\n    # print error to STDERR\n    echo \"error: The sandbox is not in sync with the Podfile.lock. Run 'pod install' or update your CocoaPods installation.\" >&2\n    exit 1\nfi\n# This output is used by Xcode 'outputs' to avoid re-running this script phase.\necho \"SUCCESS\" > \"${SCRIPT_OUTPUT_FILE_0}\"\n";
			showEnvVarsInLog = 0;
		};
		97AF02D8152130B438910B70 /* [CP] Embed Pods Frameworks */ = {
			isa = PBXShellScriptBuildPhase;
			buildActionMask = 2147483647;
			files = (
			);
			inputPaths = (
				"${PODS_ROOT}/Target Support Files/Pods-Animal Age/Pods-Animal Age-frameworks.sh",
				"${BUILT_PRODUCTS_DIR}/IQKeyboardManager/IQKeyboardManager.framework",
				"${BUILT_PRODUCTS_DIR}/ProgressHUD/ProgressHUD.framework",
				"${BUILT_PRODUCTS_DIR}/RaptureXML/RaptureXML.framework",
			);
			name = "[CP] Embed Pods Frameworks";
			outputPaths = (
				"${TARGET_BUILD_DIR}/${FRAMEWORKS_FOLDER_PATH}/IQKeyboardManager.framework",
				"${TARGET_BUILD_DIR}/${FRAMEWORKS_FOLDER_PATH}/ProgressHUD.framework",
				"${TARGET_BUILD_DIR}/${FRAMEWORKS_FOLDER_PATH}/RaptureXML.framework",
			);
			runOnlyForDeploymentPostprocessing = 0;
			shellPath = /bin/sh;
			shellScript = "\"${PODS_ROOT}/Target Support Files/Pods-Animal Age/Pods-Animal Age-frameworks.sh\"\n";
			showEnvVarsInLog = 0;
		};
/* End PBXShellScriptBuildPhase section */

/* Begin PBXSourcesBuildPhase section */
		FCEA450418B061320009B4DC /* Sources */ = {
			isa = PBXSourcesBuildPhase;
			buildActionMask = 2147483647;
			files = (
				FCE158EA23949A56005DBE89 /* DetailNewsController.swift in Sources */,
				FC6F8B5E1E89F3E700DB48F9 /* Model.xcdatamodeld in Sources */,
				FCE158F32394B398005DBE89 /* AppDelegate.swift in Sources */,
				FC261B4F23943E810068502A /* UISnapNav.swift in Sources */,
				FCE158F12394B398005DBE89 /* DeviceViewController.swift in Sources */,
				FCE158E823949A36005DBE89 /* NewsTableViewController.swift in Sources */,
				FCE158F42394B398005DBE89 /* DeviceDetailViewController.swift in Sources */,
				FCE158F52394B398005DBE89 /* AnimalPicker.swift in Sources */,
				FCE158F22394B398005DBE89 /* PickerTableView.swift in Sources */,
				FCE158F62394B398005DBE89 /* Calc.swift in Sources */,
			);
			runOnlyForDeploymentPostprocessing = 0;
		};
		FCEA452818B061320009B4DC /* Sources */ = {
			isa = PBXSourcesBuildPhase;
			buildActionMask = 2147483647;
			files = (
				FCEA453A18B061320009B4DC /* Animal_AgeTests.m in Sources */,
			);
			runOnlyForDeploymentPostprocessing = 0;
		};
/* End PBXSourcesBuildPhase section */

/* Begin PBXTargetDependency section */
		FCEA453218B061320009B4DC /* PBXTargetDependency */ = {
			isa = PBXTargetDependency;
			target = FCEA450718B061320009B4DC /* Animal Age */;
			targetProxy = FCEA453118B061320009B4DC /* PBXContainerItemProxy */;
		};
/* End PBXTargetDependency section */

/* Begin PBXVariantGroup section */
		FCEA451418B061320009B4DC /* InfoPlist.strings */ = {
			isa = PBXVariantGroup;
			children = (
				FCEA451518B061320009B4DC /* en */,
			);
			name = InfoPlist.strings;
			sourceTree = "<group>";
		};
		FCEA451D18B061320009B4DC /* Main_iPhone.storyboard */ = {
			isa = PBXVariantGroup;
			children = (
				FCEA451E18B061320009B4DC /* Base */,
			);
			name = Main_iPhone.storyboard;
			sourceTree = "<group>";
		};
		FCEA452018B061320009B4DC /* Main_iPad.storyboard */ = {
			isa = PBXVariantGroup;
			children = (
				FCEA452118B061320009B4DC /* Base */,
			);
			name = Main_iPad.storyboard;
			sourceTree = "<group>";
		};
		FCEA453618B061320009B4DC /* InfoPlist.strings */ = {
			isa = PBXVariantGroup;
			children = (
				FCEA453718B061320009B4DC /* en */,
			);
			name = InfoPlist.strings;
			sourceTree = "<group>";
		};
/* End PBXVariantGroup section */

/* Begin XCBuildConfiguration section */
		FCEA453B18B061320009B4DC /* Debug */ = {
			isa = XCBuildConfiguration;
			buildSettings = {
				ALWAYS_SEARCH_USER_PATHS = NO;
				CLANG_ANALYZER_LOCALIZABILITY_NONLOCALIZED = YES;
				CLANG_CXX_LANGUAGE_STANDARD = "gnu++0x";
				CLANG_CXX_LIBRARY = "libc++";
				CLANG_ENABLE_MODULES = YES;
				CLANG_ENABLE_OBJC_ARC = YES;
				CLANG_WARN_BLOCK_CAPTURE_AUTORELEASING = YES;
				CLANG_WARN_BOOL_CONVERSION = YES;
				CLANG_WARN_COMMA = YES;
				CLANG_WARN_CONSTANT_CONVERSION = YES;
				CLANG_WARN_DEPRECATED_OBJC_IMPLEMENTATIONS = YES;
				CLANG_WARN_DIRECT_OBJC_ISA_USAGE = YES_ERROR;
				CLANG_WARN_EMPTY_BODY = YES;
				CLANG_WARN_ENUM_CONVERSION = YES;
				CLANG_WARN_INFINITE_RECURSION = YES;
				CLANG_WARN_INT_CONVERSION = YES;
				CLANG_WARN_NON_LITERAL_NULL_CONVERSION = YES;
				CLANG_WARN_OBJC_IMPLICIT_RETAIN_SELF = NO;
				CLANG_WARN_OBJC_LITERAL_CONVERSION = YES;
				CLANG_WARN_OBJC_ROOT_CLASS = YES_ERROR;
				CLANG_WARN_QUOTED_INCLUDE_IN_FRAMEWORK_HEADER = YES;
				CLANG_WARN_RANGE_LOOP_ANALYSIS = YES;
				CLANG_WARN_STRICT_PROTOTYPES = YES;
				CLANG_WARN_SUSPICIOUS_MOVE = YES;
				CLANG_WARN_UNREACHABLE_CODE = YES;
				CLANG_WARN__DUPLICATE_METHOD_MATCH = YES;
				"CODE_SIGN_IDENTITY[sdk=iphoneos*]" = "iPhone Developer";
				COPY_PHASE_STRIP = NO;
				ENABLE_STRICT_OBJC_MSGSEND = YES;
				ENABLE_TESTABILITY = YES;
				GCC_C_LANGUAGE_STANDARD = gnu99;
				GCC_DYNAMIC_NO_PIC = NO;
				GCC_NO_COMMON_BLOCKS = YES;
				GCC_OPTIMIZATION_LEVEL = 0;
				GCC_PREPROCESSOR_DEFINITIONS = (
					"DEBUG=1",
					"$(inherited)",
				);
				GCC_SYMBOLS_PRIVATE_EXTERN = NO;
				GCC_WARN_64_TO_32_BIT_CONVERSION = YES;
				GCC_WARN_ABOUT_RETURN_TYPE = YES_ERROR;
				GCC_WARN_UNDECLARED_SELECTOR = YES;
				GCC_WARN_UNINITIALIZED_AUTOS = YES;
				GCC_WARN_UNUSED_FUNCTION = YES;
				GCC_WARN_UNUSED_VARIABLE = YES;
				IPHONEOS_DEPLOYMENT_TARGET = 12.0;
				ONLY_ACTIVE_ARCH = YES;
				SDKROOT = iphoneos;
				SWIFT_OBJC_BRIDGING_HEADER = "";
				SWIFT_VERSION = 5.0;
				TARGETED_DEVICE_FAMILY = "1,2";
			};
			name = Debug;
		};
		FCEA453C18B061320009B4DC /* Release */ = {
			isa = XCBuildConfiguration;
			buildSettings = {
				ALWAYS_SEARCH_USER_PATHS = NO;
				CLANG_ANALYZER_LOCALIZABILITY_NONLOCALIZED = YES;
				CLANG_CXX_LANGUAGE_STANDARD = "gnu++0x";
				CLANG_CXX_LIBRARY = "libc++";
				CLANG_ENABLE_MODULES = YES;
				CLANG_ENABLE_OBJC_ARC = YES;
				CLANG_WARN_BLOCK_CAPTURE_AUTORELEASING = YES;
				CLANG_WARN_BOOL_CONVERSION = YES;
				CLANG_WARN_COMMA = YES;
				CLANG_WARN_CONSTANT_CONVERSION = YES;
				CLANG_WARN_DEPRECATED_OBJC_IMPLEMENTATIONS = YES;
				CLANG_WARN_DIRECT_OBJC_ISA_USAGE = YES_ERROR;
				CLANG_WARN_EMPTY_BODY = YES;
				CLANG_WARN_ENUM_CONVERSION = YES;
				CLANG_WARN_INFINITE_RECURSION = YES;
				CLANG_WARN_INT_CONVERSION = YES;
				CLANG_WARN_NON_LITERAL_NULL_CONVERSION = YES;
				CLANG_WARN_OBJC_IMPLICIT_RETAIN_SELF = NO;
				CLANG_WARN_OBJC_LITERAL_CONVERSION = YES;
				CLANG_WARN_OBJC_ROOT_CLASS = YES_ERROR;
				CLANG_WARN_QUOTED_INCLUDE_IN_FRAMEWORK_HEADER = YES;
				CLANG_WARN_RANGE_LOOP_ANALYSIS = YES;
				CLANG_WARN_STRICT_PROTOTYPES = YES;
				CLANG_WARN_SUSPICIOUS_MOVE = YES;
				CLANG_WARN_UNREACHABLE_CODE = YES;
				CLANG_WARN__DUPLICATE_METHOD_MATCH = YES;
				"CODE_SIGN_IDENTITY[sdk=iphoneos*]" = "iPhone Developer";
				COPY_PHASE_STRIP = YES;
				ENABLE_NS_ASSERTIONS = NO;
				ENABLE_STRICT_OBJC_MSGSEND = YES;
				GCC_C_LANGUAGE_STANDARD = gnu99;
				GCC_NO_COMMON_BLOCKS = YES;
				GCC_WARN_64_TO_32_BIT_CONVERSION = YES;
				GCC_WARN_ABOUT_RETURN_TYPE = YES_ERROR;
				GCC_WARN_UNDECLARED_SELECTOR = YES;
				GCC_WARN_UNINITIALIZED_AUTOS = YES;
				GCC_WARN_UNUSED_FUNCTION = YES;
				GCC_WARN_UNUSED_VARIABLE = YES;
				IPHONEOS_DEPLOYMENT_TARGET = 12.0;
				SDKROOT = iphoneos;
				SWIFT_COMPILATION_MODE = wholemodule;
				SWIFT_OBJC_BRIDGING_HEADER = "";
				SWIFT_VERSION = 5.0;
				TARGETED_DEVICE_FAMILY = "1,2";
				VALIDATE_PRODUCT = YES;
			};
			name = Release;
		};
		FCEA453E18B061320009B4DC /* Debug */ = {
			isa = XCBuildConfiguration;
			baseConfigurationReference = 220FEBBA90CA79F447AE0407 /* Pods-Animal Age.debug.xcconfig */;
			buildSettings = {
				ASSETCATALOG_COMPILER_APPICON_NAME = AppIcon;
				CLANG_ENABLE_MODULES = YES;
				CODE_SIGN_IDENTITY = "iPhone Developer";
				"CODE_SIGN_IDENTITY[sdk=iphoneos*]" = "iPhone Developer";
				CURRENT_PROJECT_VERSION = 7.1.0;
				DEVELOPMENT_TEAM = 2D4Z7WQ7RS;
				GCC_PRECOMPILE_PREFIX_HEADER = YES;
				GCC_PREFIX_HEADER = "Animal Age/Animal Age-Prefix.pch";
				HEADER_SEARCH_PATHS = /usr/include/libxml2;
				INFOPLIST_FILE = "Animal Age/Animal Age-Info.plist";
				IPHONEOS_DEPLOYMENT_TARGET = 12.1;
				LD_RUNPATH_SEARCH_PATHS = "@executable_path/Frameworks";
				MARKETING_VERSION = 7.1.0;
				PRODUCT_BUNDLE_IDENTIFIER = "com.jonbrown.org.AnimalAge-iOS";
				PRODUCT_NAME = "$(TARGET_NAME)";
				PROVISIONING_PROFILE = "";
				SWIFT_OBJC_BRIDGING_HEADER = "";
				SWIFT_OPTIMIZATION_LEVEL = "-Onone";
				SWIFT_VERSION = 5.0;
				TARGETED_DEVICE_FAMILY = 1;
				WRAPPER_EXTENSION = app;
			};
			name = Debug;
		};
		FCEA453F18B061320009B4DC /* Release */ = {
			isa = XCBuildConfiguration;
			baseConfigurationReference = F2F5E66053460ACD28FD4357 /* Pods-Animal Age.release.xcconfig */;
			buildSettings = {
				ASSETCATALOG_COMPILER_APPICON_NAME = AppIcon;
				CLANG_ENABLE_MODULES = YES;
				CODE_SIGN_IDENTITY = "iPhone Developer";
				"CODE_SIGN_IDENTITY[sdk=iphoneos*]" = "iPhone Developer";
				CURRENT_PROJECT_VERSION = 7.1.0;
				DEVELOPMENT_TEAM = 2D4Z7WQ7RS;
				GCC_PRECOMPILE_PREFIX_HEADER = YES;
				GCC_PREFIX_HEADER = "Animal Age/Animal Age-Prefix.pch";
				GCC_PREPROCESSOR_DEFINITIONS = "";
				HEADER_SEARCH_PATHS = /usr/include/libxml2;
				INFOPLIST_FILE = "Animal Age/Animal Age-Info.plist";
				IPHONEOS_DEPLOYMENT_TARGET = 12.1;
				LD_RUNPATH_SEARCH_PATHS = "@executable_path/Frameworks";
				MARKETING_VERSION = 7.1.0;
				PRODUCT_BUNDLE_IDENTIFIER = "com.jonbrown.org.AnimalAge-iOS";
				PRODUCT_NAME = "$(TARGET_NAME)";
				PROVISIONING_PROFILE = "";
				SWIFT_OBJC_BRIDGING_HEADER = "";
				SWIFT_VERSION = 5.0;
				TARGETED_DEVICE_FAMILY = 1;
				WRAPPER_EXTENSION = app;
			};
			name = Release;
		};
		FCEA454118B061320009B4DC /* Debug */ = {
			isa = XCBuildConfiguration;
			buildSettings = {
				ALWAYS_EMBED_SWIFT_STANDARD_LIBRARIES = YES;
				BUNDLE_LOADER = "$(BUILT_PRODUCTS_DIR)/Animal Age.app/Animal Age";
				FRAMEWORK_SEARCH_PATHS = (
					"$(SDKROOT)/Developer/Library/Frameworks",
					"$(inherited)",
					"$(DEVELOPER_FRAMEWORKS_DIR)",
				);
				GCC_PRECOMPILE_PREFIX_HEADER = YES;
				GCC_PREFIX_HEADER = "Animal Age/Animal Age-Prefix.pch";
				GCC_PREPROCESSOR_DEFINITIONS = (
					"DEBUG=1",
					"$(inherited)",
				);
				INFOPLIST_FILE = "Animal AgeTests/Animal AgeTests-Info.plist";
				PRODUCT_BUNDLE_IDENTIFIER = "com.jonbrown.org.${PRODUCT_NAME:rfc1034identifier}";
				PRODUCT_NAME = "$(TARGET_NAME)";
				TEST_HOST = "$(BUNDLE_LOADER)";
				WRAPPER_EXTENSION = xctest;
			};
			name = Debug;
		};
		FCEA454218B061320009B4DC /* Release */ = {
			isa = XCBuildConfiguration;
			buildSettings = {
				ALWAYS_EMBED_SWIFT_STANDARD_LIBRARIES = YES;
				BUNDLE_LOADER = "$(BUILT_PRODUCTS_DIR)/Animal Age.app/Animal Age";
				FRAMEWORK_SEARCH_PATHS = (
					"$(SDKROOT)/Developer/Library/Frameworks",
					"$(inherited)",
					"$(DEVELOPER_FRAMEWORKS_DIR)",
				);
				GCC_PRECOMPILE_PREFIX_HEADER = YES;
				GCC_PREFIX_HEADER = "Animal Age/Animal Age-Prefix.pch";
				INFOPLIST_FILE = "Animal AgeTests/Animal AgeTests-Info.plist";
				PRODUCT_BUNDLE_IDENTIFIER = "com.jonbrown.org.${PRODUCT_NAME:rfc1034identifier}";
				PRODUCT_NAME = "$(TARGET_NAME)";
				TEST_HOST = "$(BUNDLE_LOADER)";
				WRAPPER_EXTENSION = xctest;
			};
			name = Release;
		};
/* End XCBuildConfiguration section */

/* Begin XCConfigurationList section */
		FCEA450318B061320009B4DC /* Build configuration list for PBXProject "Animal Age" */ = {
			isa = XCConfigurationList;
			buildConfigurations = (
				FCEA453B18B061320009B4DC /* Debug */,
				FCEA453C18B061320009B4DC /* Release */,
			);
			defaultConfigurationIsVisible = 0;
			defaultConfigurationName = Release;
		};
		FCEA453D18B061320009B4DC /* Build configuration list for PBXNativeTarget "Animal Age" */ = {
			isa = XCConfigurationList;
			buildConfigurations = (
				FCEA453E18B061320009B4DC /* Debug */,
				FCEA453F18B061320009B4DC /* Release */,
			);
			defaultConfigurationIsVisible = 0;
			defaultConfigurationName = Release;
		};
		FCEA454018B061320009B4DC /* Build configuration list for PBXNativeTarget "Animal AgeTests" */ = {
			isa = XCConfigurationList;
			buildConfigurations = (
				FCEA454118B061320009B4DC /* Debug */,
				FCEA454218B061320009B4DC /* Release */,
			);
			defaultConfigurationIsVisible = 0;
			defaultConfigurationName = Release;
		};
/* End XCConfigurationList section */

/* Begin XCVersionGroup section */
		FC6F8B5C1E89F3E700DB48F9 /* Model.xcdatamodeld */ = {
			isa = XCVersionGroup;
			children = (
				FC6F8B5D1E89F3E700DB48F9 /* Model.xcdatamodel */,
			);
			currentVersion = FC6F8B5D1E89F3E700DB48F9 /* Model.xcdatamodel */;
			path = Model.xcdatamodeld;
			sourceTree = "<group>";
			versionGroupType = wrapper.xcdatamodel;
		};
/* End XCVersionGroup section */
	};
	rootObject = FCEA450018B061320009B4DC /* Project object */;
}
