PODS:
  - IQKeyboardManager (6.5.4)
  - ProgressHUD (2.60)
  - RaptureXML (1.0.1)

DEPENDENCIES:
  - IQKeyboardManager
  - ProgressHUD
  - RaptureXML

SPEC REPOS:
  trunk:
    - IQKeyboardManager
    - ProgressHUD
    - RaptureXML

SPEC CHECKSUMS:
  IQKeyboardManager: 72b359cd7e777e3a984cedbe05f8da45320cbb63
  ProgressHUD: 4e4efbaf4f5de8bd32e0c4c3b6644a90ea1a8c3e
  RaptureXML: b5c33c04c1a4adfd8ad0d5463329a31820596e82

PODFILE CHECKSUM: ad159b0c0c9b76f4513b75dee5090162bfd0760b

COCOAPODS: 1.8.4
